
Microsoft Visual Studio Solution File, Format Version 12.00
# Visual Studio Version 17
VisualStudioVersion = 17.3.32929.385
MinimumVisualStudioVersion = 10.0.40219.1
Project("{2150E333-8FDC-42A3-9474-1A3956D46DE8}") = "Services", "Services", "{272661FE-7B5B-40FC-9354-1D7FAA83CA26}"
EndProject
Project("{2150E333-8FDC-42A3-9474-1A3956D46DE8}") = "Catalog", "Catalog", "{BE89B4C4-D1A0-43C8-942B-E937AAD6A7C4}"
EndProject
Project("{FAE04EC0-301F-11D3-BF4B-00C04F79EFBC}") = "Catalog.API", "Services\Catalog\Catalog.API\Catalog.API.csproj", "{9F30CFD7-6076-4094-85C0-FB5FCD2FAADE}"
EndProject
Global
	GlobalSection(SolutionConfigurationPlatforms) = preSolution
		Debug|Any CPU = Debug|Any CPU
		Release|Any CPU = Release|Any CPU
	EndGlobalSection
	GlobalSection(ProjectConfigurationPlatforms) = postSolution
		{9F30CFD7-6076-4094-85C0-FB5FCD2FAADE}.Debug|Any CPU.ActiveCfg = Debug|Any CPU
		{9F30CFD7-6076-4094-85C0-FB5FCD2FAADE}.Debug|Any CPU.Build.0 = Debug|Any CPU
		{9F30CFD7-6076-4094-85C0-FB5FCD2FAADE}.Release|Any CPU.ActiveCfg = Release|Any CPU
		{9F30CFD7-6076-4094-85C0-FB5FCD2FAADE}.Release|Any CPU.Build.0 = Release|Any CPU
	EndGlobalSection
	GlobalSection(SolutionProperties) = preSolution
		HideSolutionNode = FALSE
	EndGlobalSection
	GlobalSection(NestedProjects) = preSolution
		{BE89B4C4-D1A0-43C8-942B-E937AAD6A7C4} = {272661FE-7B5B-40FC-9354-1D7FAA83CA26}
		{9F30CFD7-6076-4094-85C0-FB5FCD2FAADE} = {BE89B4C4-D1A0-43C8-942B-E937AAD6A7C4}
	EndGlobalSection
	GlobalSection(ExtensibilityGlobals) = postSolution
		SolutionGuid = {A4634DFF-557C-4B66-9F0C-9B7F9A112635}
	EndGlobalSection
EndGlobal
